
Microsoft Visual Studio Solution File, Format Version 12.00
# Visual Studio 15
Project("{FAE04EC0-301F-11D3-BF4B-00C04F79EFBC}") = "RivenFramework.LogicSystem", "RivenFramework.LogicSystem.csproj", "{D5166975-EED3-EF6F-A1BB-50F8C0F9AD26}"
EndProject
Project("{FAE04EC0-301F-11D3-BF4B-00C04F79EFBC}") = "Assembly-CSharp", "Assembly-CSharp.csproj", "{AF9434CB-ACBF-6DD3-033E-6DDA0FC7BD5B}"
EndProject
Project("{FAE04EC0-301F-11D3-BF4B-00C04F79EFBC}") = "Neverway.Framework.LogicSystem", "Neverway.Framework.LogicSystem.csproj", "{95CF2BEC-BF64-5F12-D106-EC12A8016DB9}"
EndProject
Project("{FAE04EC0-301F-11D3-BF4B-00C04F79EFBC}") = "Neverway.Framework.Cartographer", "Neverway.Framework.Cartographer.csproj", "{FD7496E3-3002-01C1-9FEC-C610AB55F0A5}"
EndProject
Project("{FAE04EC0-301F-11D3-BF4B-00C04F79EFBC}") = "Neverway.Framework.AudioManagement", "Neverway.Framework.AudioManagement.csproj", "{45F37D3B-9ABD-E0EE-B323-CD18F735389D}"
EndProject
Project("{FAE04EC0-301F-11D3-BF4B-00C04F79EFBC}") = "RivenFramework.PawnMangement", "RivenFramework.PawnMangement.csproj", "{D620F1BD-5458-7D7F-4F1A-9673ABD83232}"
EndProject
Project("{FAE04EC0-301F-11D3-BF4B-00C04F79EFBC}") = "Neverway.Framework", "Neverway.Framework.csproj", "{E2C6AF86-F4DC-E0BA-5D9B-904144009090}"
EndProject
Project("{FAE04EC0-301F-11D3-BF4B-00C04F79EFBC}") = "RivenFramework.WidgetSystem", "RivenFramework.WidgetSystem.csproj", "{55F2D8DF-7DE4-4782-9C05-2B1823B6CCF0}"
EndProject
Project("{FAE04EC0-301F-11D3-BF4B-00C04F79EFBC}") = "Assembly-CSharp-Editor", "Assembly-CSharp-Editor.csproj", "{235A11A3-FDF2-BF12-52F4-918BD684C303}"
EndProject
Project("{FAE04EC0-301F-11D3-BF4B-00C04F79EFBC}") = "RivenFramework", "RivenFramework.csproj", "{55EB9F8C-7C19-D9C0-F4C0-534F1BC09483}"
EndProject
Project("{FAE04EC0-301F-11D3-BF4B-00C04F79EFBC}") = "RivenFramework.ItemSystem", "RivenFramework.ItemSystem.csproj", "{D8CEDC7F-E384-D83B-FCEB-7F97A0535F44}"
EndProject
Project("{FAE04EC0-301F-11D3-BF4B-00C04F79EFBC}") = "Neverway.Framework.PawnManagement", "Neverway.Framework.PawnManagement.csproj", "{FD490BC0-E584-B78B-74B4-255AFB71D1F6}"
EndProject
Project("{FAE04EC0-301F-11D3-BF4B-00C04F79EFBC}") = "RivenFramework.SoundSystem", "RivenFramework.SoundSystem.csproj", "{7D0D858B-16FF-8FE7-1EBE-A52B5E79DA48}"
EndProject
Global
	GlobalSection(SolutionConfigurationPlatforms) = preSolution
		Debug|Any CPU = Debug|Any CPU
		Release|Any CPU = Release|Any CPU
	EndGlobalSection
	GlobalSection(ProjectConfigurationPlatforms) = postSolution
		{D5166975-EED3-EF6F-A1BB-50F8C0F9AD26}.Debug|Any CPU.ActiveCfg = Debug|Any CPU
		{D5166975-EED3-EF6F-A1BB-50F8C0F9AD26}.Debug|Any CPU.Build.0 = Debug|Any CPU
		{D5166975-EED3-EF6F-A1BB-50F8C0F9AD26}.Release|Any CPU.ActiveCfg = Release|Any CPU
		{D5166975-EED3-EF6F-A1BB-50F8C0F9AD26}.Release|Any CPU.Build.0 = Release|Any CPU
		{AF9434CB-ACBF-6DD3-033E-6DDA0FC7BD5B}.Debug|Any CPU.ActiveCfg = Debug|Any CPU
		{AF9434CB-ACBF-6DD3-033E-6DDA0FC7BD5B}.Debug|Any CPU.Build.0 = Debug|Any CPU
		{AF9434CB-ACBF-6DD3-033E-6DDA0FC7BD5B}.Release|Any CPU.ActiveCfg = Release|Any CPU
		{AF9434CB-ACBF-6DD3-033E-6DDA0FC7BD5B}.Release|Any CPU.Build.0 = Release|Any CPU
		{95CF2BEC-BF64-5F12-D106-EC12A8016DB9}.Debug|Any CPU.ActiveCfg = Debug|Any CPU
		{95CF2BEC-BF64-5F12-D106-EC12A8016DB9}.Debug|Any CPU.Build.0 = Debug|Any CPU
		{95CF2BEC-BF64-5F12-D106-EC12A8016DB9}.Release|Any CPU.ActiveCfg = Release|Any CPU
		{95CF2BEC-BF64-5F12-D106-EC12A8016DB9}.Release|Any CPU.Build.0 = Release|Any CPU
		{FD7496E3-3002-01C1-9FEC-C610AB55F0A5}.Debug|Any CPU.ActiveCfg = Debug|Any CPU
		{FD7496E3-3002-01C1-9FEC-C610AB55F0A5}.Debug|Any CPU.Build.0 = Debug|Any CPU
		{FD7496E3-3002-01C1-9FEC-C610AB55F0A5}.Release|Any CPU.ActiveCfg = Release|Any CPU
		{FD7496E3-3002-01C1-9FEC-C610AB55F0A5}.Release|Any CPU.Build.0 = Release|Any CPU
		{45F37D3B-9ABD-E0EE-B323-CD18F735389D}.Debug|Any CPU.ActiveCfg = Debug|Any CPU
		{45F37D3B-9ABD-E0EE-B323-CD18F735389D}.Debug|Any CPU.Build.0 = Debug|Any CPU
		{45F37D3B-9ABD-E0EE-B323-CD18F735389D}.Release|Any CPU.ActiveCfg = Release|Any CPU
		{45F37D3B-9ABD-E0EE-B323-CD18F735389D}.Release|Any CPU.Build.0 = Release|Any CPU
		{D620F1BD-5458-7D7F-4F1A-9673ABD83232}.Debug|Any CPU.ActiveCfg = Debug|Any CPU
		{D620F1BD-5458-7D7F-4F1A-9673ABD83232}.Debug|Any CPU.Build.0 = Debug|Any CPU
		{D620F1BD-5458-7D7F-4F1A-9673ABD83232}.Release|Any CPU.ActiveCfg = Release|Any CPU
		{D620F1BD-5458-7D7F-4F1A-9673ABD83232}.Release|Any CPU.Build.0 = Release|Any CPU
		{E2C6AF86-F4DC-E0BA-5D9B-904144009090}.Debug|Any CPU.ActiveCfg = Debug|Any CPU
		{E2C6AF86-F4DC-E0BA-5D9B-904144009090}.Debug|Any CPU.Build.0 = Debug|Any CPU
		{E2C6AF86-F4DC-E0BA-5D9B-904144009090}.Release|Any CPU.ActiveCfg = Release|Any CPU
		{E2C6AF86-F4DC-E0BA-5D9B-904144009090}.Release|Any CPU.Build.0 = Release|Any CPU
		{55F2D8DF-7DE4-4782-9C05-2B1823B6CCF0}.Debug|Any CPU.ActiveCfg = Debug|Any CPU
		{55F2D8DF-7DE4-4782-9C05-2B1823B6CCF0}.Debug|Any CPU.Build.0 = Debug|Any CPU
		{55F2D8DF-7DE4-4782-9C05-2B1823B6CCF0}.Release|Any CPU.ActiveCfg = Release|Any CPU
		{55F2D8DF-7DE4-4782-9C05-2B1823B6CCF0}.Release|Any CPU.Build.0 = Release|Any CPU
		{235A11A3-FDF2-BF12-52F4-918BD684C303}.Debug|Any CPU.ActiveCfg = Debug|Any CPU
		{235A11A3-FDF2-BF12-52F4-918BD684C303}.Debug|Any CPU.Build.0 = Debug|Any CPU
		{235A11A3-FDF2-BF12-52F4-918BD684C303}.Release|Any CPU.ActiveCfg = Release|Any CPU
		{235A11A3-FDF2-BF12-52F4-918BD684C303}.Release|Any CPU.Build.0 = Release|Any CPU
		{55EB9F8C-7C19-D9C0-F4C0-534F1BC09483}.Debug|Any CPU.ActiveCfg = Debug|Any CPU
		{55EB9F8C-7C19-D9C0-F4C0-534F1BC09483}.Debug|Any CPU.Build.0 = Debug|Any CPU
		{55EB9F8C-7C19-D9C0-F4C0-534F1BC09483}.Release|Any CPU.ActiveCfg = Release|Any CPU
		{55EB9F8C-7C19-D9C0-F4C0-534F1BC09483}.Release|Any CPU.Build.0 = Release|Any CPU
		{D8CEDC7F-E384-D83B-FCEB-7F97A0535F44}.Debug|Any CPU.ActiveCfg = Debug|Any CPU
		{D8CEDC7F-E384-D83B-FCEB-7F97A0535F44}.Debug|Any CPU.Build.0 = Debug|Any CPU
		{D8CEDC7F-E384-D83B-FCEB-7F97A0535F44}.Release|Any CPU.ActiveCfg = Release|Any CPU
		{D8CEDC7F-E384-D83B-FCEB-7F97A0535F44}.Release|Any CPU.Build.0 = Release|Any CPU
		{FD490BC0-E584-B78B-74B4-255AFB71D1F6}.Debug|Any CPU.ActiveCfg = Debug|Any CPU
		{FD490BC0-E584-B78B-74B4-255AFB71D1F6}.Debug|Any CPU.Build.0 = Debug|Any CPU
		{FD490BC0-E584-B78B-74B4-255AFB71D1F6}.Release|Any CPU.ActiveCfg = Release|Any CPU
		{FD490BC0-E584-B78B-74B4-255AFB71D1F6}.Release|Any CPU.Build.0 = Release|Any CPU
		{7D0D858B-16FF-8FE7-1EBE-A52B5E79DA48}.Debug|Any CPU.ActiveCfg = Debug|Any CPU
		{7D0D858B-16FF-8FE7-1EBE-A52B5E79DA48}.Debug|Any CPU.Build.0 = Debug|Any CPU
		{7D0D858B-16FF-8FE7-1EBE-A52B5E79DA48}.Release|Any CPU.ActiveCfg = Release|Any CPU
		{7D0D858B-16FF-8FE7-1EBE-A52B5E79DA48}.Release|Any CPU.Build.0 = Release|Any CPU
	EndGlobalSection
	GlobalSection(SolutionProperties) = preSolution
		HideSolutionNode = FALSE
	EndGlobalSection
EndGlobal
