
Microsoft Visual Studio Solution File, Format Version 12.00
# Visual Studio 15
Project("{FAE04EC0-301F-11D3-BF4B-00C04F79EFBC}") = "Assembly-CSharp", "Assembly-CSharp.csproj", "{AF9434CB-ACBF-6DD3-033E-6DDA0FC7BD5B}"
EndProject
Project("{FAE04EC0-301F-11D3-BF4B-00C04F79EFBC}") = "Dreamteck.Splines.Editor", "Dreamteck.Splines.Editor.csproj", "{B631010B-B38D-131A-D9C1-B33E99185FD9}"
EndProject
Project("{FAE04EC0-301F-11D3-BF4B-00C04F79EFBC}") = "Neverway.Framework.LogicSystem", "Neverway.Framework.LogicSystem.csproj", "{95CF2BEC-BF64-5F12-D106-EC12A8016DB9}"
EndProject
Project("{FAE04EC0-301F-11D3-BF4B-00C04F79EFBC}") = "Neverway.Framework.Cartographer", "Neverway.Framework.Cartographer.csproj", "{FD7496E3-3002-01C1-9FEC-C610AB55F0A5}"
EndProject
Project("{FAE04EC0-301F-11D3-BF4B-00C04F79EFBC}") = "Assembly-CSharp-Editor", "Assembly-CSharp-Editor.csproj", "{235A11A3-FDF2-BF12-52F4-918BD684C303}"
EndProject
Project("{FAE04EC0-301F-11D3-BF4B-00C04F79EFBC}") = "RivenFramework", "RivenFramework.csproj", "{55EB9F8C-7C19-D9C0-F4C0-534F1BC09483}"
EndProject
Project("{FAE04EC0-301F-11D3-BF4B-00C04F79EFBC}") = "RivenFramework.Utils.Reflection", "RivenFramework.Utils.Reflection.csproj", "{6C6FD30E-45A3-8E9B-2D92-E48D1C7AB0FC}"
EndProject
Project("{FAE04EC0-301F-11D3-BF4B-00C04F79EFBC}") = "LogicValues.Editor", "LogicValues.Editor.csproj", "{755944D3-3F72-CA08-5402-8B0B2470C36D}"
EndProject
Project("{FAE04EC0-301F-11D3-BF4B-00C04F79EFBC}") = "Neverway.Framework.AudioManagement", "Neverway.Framework.AudioManagement.csproj", "{45F37D3B-9ABD-E0EE-B323-CD18F735389D}"
EndProject
Project("{FAE04EC0-301F-11D3-BF4B-00C04F79EFBC}") = "RivenFramework.LogicSystem", "RivenFramework.LogicSystem.csproj", "{D5166975-EED3-EF6F-A1BB-50F8C0F9AD26}"
EndProject
Project("{FAE04EC0-301F-11D3-BF4B-00C04F79EFBC}") = "RivenFramework.TempResources", "RivenFramework.TempResources.csproj", "{6D52B117-34AD-81E8-C815-5F17DC5E2D92}"
EndProject
Project("{FAE04EC0-301F-11D3-BF4B-00C04F79EFBC}") = "RivenFramework.PawnMangement", "RivenFramework.PawnMangement.csproj", "{D620F1BD-5458-7D7F-4F1A-9673ABD83232}"
EndProject
Project("{FAE04EC0-301F-11D3-BF4B-00C04F79EFBC}") = "Dreamteck.Splines", "Dreamteck.Splines.csproj", "{6E6E0934-5F7F-984E-1CBF-B0734B295548}"
EndProject
Project("{FAE04EC0-301F-11D3-BF4B-00C04F79EFBC}") = "BzKovSoft.ObjectSlicer", "BzKovSoft.ObjectSlicer.csproj", "{B1B84592-6BC6-56A1-2C87-ADC9C5DEE130}"
EndProject
Project("{FAE04EC0-301F-11D3-BF4B-00C04F79EFBC}") = "Neverway.Framework", "Neverway.Framework.csproj", "{E2C6AF86-F4DC-E0BA-5D9B-904144009090}"
EndProject
Project("{FAE04EC0-301F-11D3-BF4B-00C04F79EFBC}") = "RivenFramework.WidgetSystem", "RivenFramework.WidgetSystem.csproj", "{55F2D8DF-7DE4-4782-9C05-2B1823B6CCF0}"
EndProject
Project("{FAE04EC0-301F-11D3-BF4B-00C04F79EFBC}") = "LogicValues", "LogicValues.csproj", "{DC414B15-633A-CDED-EDCA-8ED9ACC89065}"
EndProject
Project("{FAE04EC0-301F-11D3-BF4B-00C04F79EFBC}") = "Dreamteck.Utilities.Editor", "Dreamteck.Utilities.Editor.csproj", "{762285EC-533D-47F7-E36F-C458A8895AC1}"
EndProject
Project("{FAE04EC0-301F-11D3-BF4B-00C04F79EFBC}") = "DevTools", "DevTools.csproj", "{D7444AE8-23E1-7E92-054D-25763D8CD9CD}"
EndProject
Project("{FAE04EC0-301F-11D3-BF4B-00C04F79EFBC}") = "RivenFrameworkEditor", "RivenFrameworkEditor.csproj", "{AC371A15-91F3-3B17-590E-1DA35887FEC1}"
EndProject
Project("{FAE04EC0-301F-11D3-BF4B-00C04F79EFBC}") = "EasyEditorGUI", "EasyEditorGUI.csproj", "{90FD0F7C-97FF-EE8D-F013-81D64E206F99}"
EndProject
Project("{FAE04EC0-301F-11D3-BF4B-00C04F79EFBC}") = "RivenFramework.ItemSystem", "RivenFramework.ItemSystem.csproj", "{D8CEDC7F-E384-D83B-FCEB-7F97A0535F44}"
EndProject
Project("{FAE04EC0-301F-11D3-BF4B-00C04F79EFBC}") = "Neverway.Framework.PawnManagement", "Neverway.Framework.PawnManagement.csproj", "{FD490BC0-E584-B78B-74B4-255AFB71D1F6}"
EndProject
Project("{FAE04EC0-301F-11D3-BF4B-00C04F79EFBC}") = "Dreamteck.Utilities", "Dreamteck.Utilities.csproj", "{F3A59299-0B18-C6E2-1D4D-8496EC18A5BE}"
EndProject
Project("{FAE04EC0-301F-11D3-BF4B-00C04F79EFBC}") = "BzKovSoft.ObjectSlicer.Samples", "BzKovSoft.ObjectSlicer.Samples.csproj", "{43F56974-C5DE-1D1E-C8EC-C0C0C45E9334}"
EndProject
Project("{FAE04EC0-301F-11D3-BF4B-00C04F79EFBC}") = "BzKovSoft.ObjectSlicer.Tests", "BzKovSoft.ObjectSlicer.Tests.csproj", "{5D922670-E041-0697-9100-14E4184B9564}"
EndProject
Project("{FAE04EC0-301F-11D3-BF4B-00C04F79EFBC}") = "BzKovSoft.CharacterSlicer", "BzKovSoft.CharacterSlicer.csproj", "{4B8D0437-61EA-107C-8FEA-607907A56D48}"
EndProject
Project("{FAE04EC0-301F-11D3-BF4B-00C04F79EFBC}") = "SimpleFields", "SimpleFields.csproj", "{9728FBA5-AF4A-5816-BE7C-A9E257C41EEB}"
EndProject
Project("{FAE04EC0-301F-11D3-BF4B-00C04F79EFBC}") = "SimpleFieldsEditor", "SimpleFieldsEditor.csproj", "{0567030F-F9CC-A106-B516-B17DCD859022}"
EndProject
Project("{FAE04EC0-301F-11D3-BF4B-00C04F79EFBC}") = "CoreAttributes", "CoreAttributes.csproj", "{72123C6B-2D53-122E-FDB1-80CCCB741992}"
EndProject
Project("{FAE04EC0-301F-11D3-BF4B-00C04F79EFBC}") = "RivenFramework.SoundSystem", "RivenFramework.SoundSystem.csproj", "{7D0D858B-16FF-8FE7-1EBE-A52B5E79DA48}"
EndProject
Global
	GlobalSection(SolutionConfigurationPlatforms) = preSolution
		Debug|Any CPU = Debug|Any CPU
		Release|Any CPU = Release|Any CPU
	EndGlobalSection
	GlobalSection(ProjectConfigurationPlatforms) = postSolution
		{AF9434CB-ACBF-6DD3-033E-6DDA0FC7BD5B}.Debug|Any CPU.ActiveCfg = Debug|Any CPU
		{AF9434CB-ACBF-6DD3-033E-6DDA0FC7BD5B}.Debug|Any CPU.Build.0 = Debug|Any CPU
		{AF9434CB-ACBF-6DD3-033E-6DDA0FC7BD5B}.Release|Any CPU.ActiveCfg = Release|Any CPU
		{AF9434CB-ACBF-6DD3-033E-6DDA0FC7BD5B}.Release|Any CPU.Build.0 = Release|Any CPU
		{B631010B-B38D-131A-D9C1-B33E99185FD9}.Debug|Any CPU.ActiveCfg = Debug|Any CPU
		{B631010B-B38D-131A-D9C1-B33E99185FD9}.Debug|Any CPU.Build.0 = Debug|Any CPU
		{B631010B-B38D-131A-D9C1-B33E99185FD9}.Release|Any CPU.ActiveCfg = Release|Any CPU
		{B631010B-B38D-131A-D9C1-B33E99185FD9}.Release|Any CPU.Build.0 = Release|Any CPU
		{95CF2BEC-BF64-5F12-D106-EC12A8016DB9}.Debug|Any CPU.ActiveCfg = Debug|Any CPU
		{95CF2BEC-BF64-5F12-D106-EC12A8016DB9}.Debug|Any CPU.Build.0 = Debug|Any CPU
		{95CF2BEC-BF64-5F12-D106-EC12A8016DB9}.Release|Any CPU.ActiveCfg = Release|Any CPU
		{95CF2BEC-BF64-5F12-D106-EC12A8016DB9}.Release|Any CPU.Build.0 = Release|Any CPU
		{FD7496E3-3002-01C1-9FEC-C610AB55F0A5}.Debug|Any CPU.ActiveCfg = Debug|Any CPU
		{FD7496E3-3002-01C1-9FEC-C610AB55F0A5}.Debug|Any CPU.Build.0 = Debug|Any CPU
		{FD7496E3-3002-01C1-9FEC-C610AB55F0A5}.Release|Any CPU.ActiveCfg = Release|Any CPU
		{FD7496E3-3002-01C1-9FEC-C610AB55F0A5}.Release|Any CPU.Build.0 = Release|Any CPU
		{235A11A3-FDF2-BF12-52F4-918BD684C303}.Debug|Any CPU.ActiveCfg = Debug|Any CPU
		{235A11A3-FDF2-BF12-52F4-918BD684C303}.Debug|Any CPU.Build.0 = Debug|Any CPU
		{235A11A3-FDF2-BF12-52F4-918BD684C303}.Release|Any CPU.ActiveCfg = Release|Any CPU
		{235A11A3-FDF2-BF12-52F4-918BD684C303}.Release|Any CPU.Build.0 = Release|Any CPU
		{55EB9F8C-7C19-D9C0-F4C0-534F1BC09483}.Debug|Any CPU.ActiveCfg = Debug|Any CPU
		{55EB9F8C-7C19-D9C0-F4C0-534F1BC09483}.Debug|Any CPU.Build.0 = Debug|Any CPU
		{55EB9F8C-7C19-D9C0-F4C0-534F1BC09483}.Release|Any CPU.ActiveCfg = Release|Any CPU
		{55EB9F8C-7C19-D9C0-F4C0-534F1BC09483}.Release|Any CPU.Build.0 = Release|Any CPU
		{6C6FD30E-45A3-8E9B-2D92-E48D1C7AB0FC}.Debug|Any CPU.ActiveCfg = Debug|Any CPU
		{6C6FD30E-45A3-8E9B-2D92-E48D1C7AB0FC}.Debug|Any CPU.Build.0 = Debug|Any CPU
		{6C6FD30E-45A3-8E9B-2D92-E48D1C7AB0FC}.Release|Any CPU.ActiveCfg = Release|Any CPU
		{6C6FD30E-45A3-8E9B-2D92-E48D1C7AB0FC}.Release|Any CPU.Build.0 = Release|Any CPU
		{755944D3-3F72-CA08-5402-8B0B2470C36D}.Debug|Any CPU.ActiveCfg = Debug|Any CPU
		{755944D3-3F72-CA08-5402-8B0B2470C36D}.Debug|Any CPU.Build.0 = Debug|Any CPU
		{755944D3-3F72-CA08-5402-8B0B2470C36D}.Release|Any CPU.ActiveCfg = Release|Any CPU
		{755944D3-3F72-CA08-5402-8B0B2470C36D}.Release|Any CPU.Build.0 = Release|Any CPU
		{45F37D3B-9ABD-E0EE-B323-CD18F735389D}.Debug|Any CPU.ActiveCfg = Debug|Any CPU
		{45F37D3B-9ABD-E0EE-B323-CD18F735389D}.Debug|Any CPU.Build.0 = Debug|Any CPU
		{45F37D3B-9ABD-E0EE-B323-CD18F735389D}.Release|Any CPU.ActiveCfg = Release|Any CPU
		{45F37D3B-9ABD-E0EE-B323-CD18F735389D}.Release|Any CPU.Build.0 = Release|Any CPU
		{D5166975-EED3-EF6F-A1BB-50F8C0F9AD26}.Debug|Any CPU.ActiveCfg = Debug|Any CPU
		{D5166975-EED3-EF6F-A1BB-50F8C0F9AD26}.Debug|Any CPU.Build.0 = Debug|Any CPU
		{D5166975-EED3-EF6F-A1BB-50F8C0F9AD26}.Release|Any CPU.ActiveCfg = Release|Any CPU
		{D5166975-EED3-EF6F-A1BB-50F8C0F9AD26}.Release|Any CPU.Build.0 = Release|Any CPU
		{6D52B117-34AD-81E8-C815-5F17DC5E2D92}.Debug|Any CPU.ActiveCfg = Debug|Any CPU
		{6D52B117-34AD-81E8-C815-5F17DC5E2D92}.Debug|Any CPU.Build.0 = Debug|Any CPU
		{6D52B117-34AD-81E8-C815-5F17DC5E2D92}.Release|Any CPU.ActiveCfg = Release|Any CPU
		{6D52B117-34AD-81E8-C815-5F17DC5E2D92}.Release|Any CPU.Build.0 = Release|Any CPU
		{D620F1BD-5458-7D7F-4F1A-9673ABD83232}.Debug|Any CPU.ActiveCfg = Debug|Any CPU
		{D620F1BD-5458-7D7F-4F1A-9673ABD83232}.Debug|Any CPU.Build.0 = Debug|Any CPU
		{D620F1BD-5458-7D7F-4F1A-9673ABD83232}.Release|Any CPU.ActiveCfg = Release|Any CPU
		{D620F1BD-5458-7D7F-4F1A-9673ABD83232}.Release|Any CPU.Build.0 = Release|Any CPU
		{6E6E0934-5F7F-984E-1CBF-B0734B295548}.Debug|Any CPU.ActiveCfg = Debug|Any CPU
		{6E6E0934-5F7F-984E-1CBF-B0734B295548}.Debug|Any CPU.Build.0 = Debug|Any CPU
		{6E6E0934-5F7F-984E-1CBF-B0734B295548}.Release|Any CPU.ActiveCfg = Release|Any CPU
		{6E6E0934-5F7F-984E-1CBF-B0734B295548}.Release|Any CPU.Build.0 = Release|Any CPU
		{B1B84592-6BC6-56A1-2C87-ADC9C5DEE130}.Debug|Any CPU.ActiveCfg = Debug|Any CPU
		{B1B84592-6BC6-56A1-2C87-ADC9C5DEE130}.Debug|Any CPU.Build.0 = Debug|Any CPU
		{B1B84592-6BC6-56A1-2C87-ADC9C5DEE130}.Release|Any CPU.ActiveCfg = Release|Any CPU
		{B1B84592-6BC6-56A1-2C87-ADC9C5DEE130}.Release|Any CPU.Build.0 = Release|Any CPU
		{E2C6AF86-F4DC-E0BA-5D9B-904144009090}.Debug|Any CPU.ActiveCfg = Debug|Any CPU
		{E2C6AF86-F4DC-E0BA-5D9B-904144009090}.Debug|Any CPU.Build.0 = Debug|Any CPU
		{E2C6AF86-F4DC-E0BA-5D9B-904144009090}.Release|Any CPU.ActiveCfg = Release|Any CPU
		{E2C6AF86-F4DC-E0BA-5D9B-904144009090}.Release|Any CPU.Build.0 = Release|Any CPU
		{55F2D8DF-7DE4-4782-9C05-2B1823B6CCF0}.Debug|Any CPU.ActiveCfg = Debug|Any CPU
		{55F2D8DF-7DE4-4782-9C05-2B1823B6CCF0}.Debug|Any CPU.Build.0 = Debug|Any CPU
		{55F2D8DF-7DE4-4782-9C05-2B1823B6CCF0}.Release|Any CPU.ActiveCfg = Release|Any CPU
		{55F2D8DF-7DE4-4782-9C05-2B1823B6CCF0}.Release|Any CPU.Build.0 = Release|Any CPU
		{DC414B15-633A-CDED-EDCA-8ED9ACC89065}.Debug|Any CPU.ActiveCfg = Debug|Any CPU
		{DC414B15-633A-CDED-EDCA-8ED9ACC89065}.Debug|Any CPU.Build.0 = Debug|Any CPU
		{DC414B15-633A-CDED-EDCA-8ED9ACC89065}.Release|Any CPU.ActiveCfg = Release|Any CPU
		{DC414B15-633A-CDED-EDCA-8ED9ACC89065}.Release|Any CPU.Build.0 = Release|Any CPU
		{762285EC-533D-47F7-E36F-C458A8895AC1}.Debug|Any CPU.ActiveCfg = Debug|Any CPU
		{762285EC-533D-47F7-E36F-C458A8895AC1}.Debug|Any CPU.Build.0 = Debug|Any CPU
		{762285EC-533D-47F7-E36F-C458A8895AC1}.Release|Any CPU.ActiveCfg = Release|Any CPU
		{762285EC-533D-47F7-E36F-C458A8895AC1}.Release|Any CPU.Build.0 = Release|Any CPU
		{D7444AE8-23E1-7E92-054D-25763D8CD9CD}.Debug|Any CPU.ActiveCfg = Debug|Any CPU
		{D7444AE8-23E1-7E92-054D-25763D8CD9CD}.Debug|Any CPU.Build.0 = Debug|Any CPU
		{D7444AE8-23E1-7E92-054D-25763D8CD9CD}.Release|Any CPU.ActiveCfg = Release|Any CPU
		{D7444AE8-23E1-7E92-054D-25763D8CD9CD}.Release|Any CPU.Build.0 = Release|Any CPU
		{AC371A15-91F3-3B17-590E-1DA35887FEC1}.Debug|Any CPU.ActiveCfg = Debug|Any CPU
		{AC371A15-91F3-3B17-590E-1DA35887FEC1}.Debug|Any CPU.Build.0 = Debug|Any CPU
		{AC371A15-91F3-3B17-590E-1DA35887FEC1}.Release|Any CPU.ActiveCfg = Release|Any CPU
		{AC371A15-91F3-3B17-590E-1DA35887FEC1}.Release|Any CPU.Build.0 = Release|Any CPU
		{90FD0F7C-97FF-EE8D-F013-81D64E206F99}.Debug|Any CPU.ActiveCfg = Debug|Any CPU
		{90FD0F7C-97FF-EE8D-F013-81D64E206F99}.Debug|Any CPU.Build.0 = Debug|Any CPU
		{90FD0F7C-97FF-EE8D-F013-81D64E206F99}.Release|Any CPU.ActiveCfg = Release|Any CPU
		{90FD0F7C-97FF-EE8D-F013-81D64E206F99}.Release|Any CPU.Build.0 = Release|Any CPU
		{D8CEDC7F-E384-D83B-FCEB-7F97A0535F44}.Debug|Any CPU.ActiveCfg = Debug|Any CPU
		{D8CEDC7F-E384-D83B-FCEB-7F97A0535F44}.Debug|Any CPU.Build.0 = Debug|Any CPU
		{D8CEDC7F-E384-D83B-FCEB-7F97A0535F44}.Release|Any CPU.ActiveCfg = Release|Any CPU
		{D8CEDC7F-E384-D83B-FCEB-7F97A0535F44}.Release|Any CPU.Build.0 = Release|Any CPU
		{FD490BC0-E584-B78B-74B4-255AFB71D1F6}.Debug|Any CPU.ActiveCfg = Debug|Any CPU
		{FD490BC0-E584-B78B-74B4-255AFB71D1F6}.Debug|Any CPU.Build.0 = Debug|Any CPU
		{FD490BC0-E584-B78B-74B4-255AFB71D1F6}.Release|Any CPU.ActiveCfg = Release|Any CPU
		{FD490BC0-E584-B78B-74B4-255AFB71D1F6}.Release|Any CPU.Build.0 = Release|Any CPU
		{F3A59299-0B18-C6E2-1D4D-8496EC18A5BE}.Debug|Any CPU.ActiveCfg = Debug|Any CPU
		{F3A59299-0B18-C6E2-1D4D-8496EC18A5BE}.Debug|Any CPU.Build.0 = Debug|Any CPU
		{F3A59299-0B18-C6E2-1D4D-8496EC18A5BE}.Release|Any CPU.ActiveCfg = Release|Any CPU
		{F3A59299-0B18-C6E2-1D4D-8496EC18A5BE}.Release|Any CPU.Build.0 = Release|Any CPU
		{43F56974-C5DE-1D1E-C8EC-C0C0C45E9334}.Debug|Any CPU.ActiveCfg = Debug|Any CPU
		{43F56974-C5DE-1D1E-C8EC-C0C0C45E9334}.Debug|Any CPU.Build.0 = Debug|Any CPU
		{43F56974-C5DE-1D1E-C8EC-C0C0C45E9334}.Release|Any CPU.ActiveCfg = Release|Any CPU
		{43F56974-C5DE-1D1E-C8EC-C0C0C45E9334}.Release|Any CPU.Build.0 = Release|Any CPU
		{5D922670-E041-0697-9100-14E4184B9564}.Debug|Any CPU.ActiveCfg = Debug|Any CPU
		{5D922670-E041-0697-9100-14E4184B9564}.Debug|Any CPU.Build.0 = Debug|Any CPU
		{5D922670-E041-0697-9100-14E4184B9564}.Release|Any CPU.ActiveCfg = Release|Any CPU
		{5D922670-E041-0697-9100-14E4184B9564}.Release|Any CPU.Build.0 = Release|Any CPU
		{4B8D0437-61EA-107C-8FEA-607907A56D48}.Debug|Any CPU.ActiveCfg = Debug|Any CPU
		{4B8D0437-61EA-107C-8FEA-607907A56D48}.Debug|Any CPU.Build.0 = Debug|Any CPU
		{4B8D0437-61EA-107C-8FEA-607907A56D48}.Release|Any CPU.ActiveCfg = Release|Any CPU
		{4B8D0437-61EA-107C-8FEA-607907A56D48}.Release|Any CPU.Build.0 = Release|Any CPU
		{9728FBA5-AF4A-5816-BE7C-A9E257C41EEB}.Debug|Any CPU.ActiveCfg = Debug|Any CPU
		{9728FBA5-AF4A-5816-BE7C-A9E257C41EEB}.Debug|Any CPU.Build.0 = Debug|Any CPU
		{9728FBA5-AF4A-5816-BE7C-A9E257C41EEB}.Release|Any CPU.ActiveCfg = Release|Any CPU
		{9728FBA5-AF4A-5816-BE7C-A9E257C41EEB}.Release|Any CPU.Build.0 = Release|Any CPU
		{0567030F-F9CC-A106-B516-B17DCD859022}.Debug|Any CPU.ActiveCfg = Debug|Any CPU
		{0567030F-F9CC-A106-B516-B17DCD859022}.Debug|Any CPU.Build.0 = Debug|Any CPU
		{0567030F-F9CC-A106-B516-B17DCD859022}.Release|Any CPU.ActiveCfg = Release|Any CPU
		{0567030F-F9CC-A106-B516-B17DCD859022}.Release|Any CPU.Build.0 = Release|Any CPU
		{72123C6B-2D53-122E-FDB1-80CCCB741992}.Debug|Any CPU.ActiveCfg = Debug|Any CPU
		{72123C6B-2D53-122E-FDB1-80CCCB741992}.Debug|Any CPU.Build.0 = Debug|Any CPU
		{72123C6B-2D53-122E-FDB1-80CCCB741992}.Release|Any CPU.ActiveCfg = Release|Any CPU
		{72123C6B-2D53-122E-FDB1-80CCCB741992}.Release|Any CPU.Build.0 = Release|Any CPU
		{7D0D858B-16FF-8FE7-1EBE-A52B5E79DA48}.Debug|Any CPU.ActiveCfg = Debug|Any CPU
		{7D0D858B-16FF-8FE7-1EBE-A52B5E79DA48}.Debug|Any CPU.Build.0 = Debug|Any CPU
		{7D0D858B-16FF-8FE7-1EBE-A52B5E79DA48}.Release|Any CPU.ActiveCfg = Release|Any CPU
		{7D0D858B-16FF-8FE7-1EBE-A52B5E79DA48}.Release|Any CPU.Build.0 = Release|Any CPU
	EndGlobalSection
	GlobalSection(SolutionProperties) = preSolution
		HideSolutionNode = FALSE
	EndGlobalSection
EndGlobal
